
Microsoft Visual Studio Solution File, Format Version 12.00
# Visual Studio Version 17
VisualStudioVersion = 17.5.33516.290
MinimumVisualStudioVersion = 10.0.40219.1
Project("{9A19103F-16F7-4668-BE54-9A1E7A4F7556}") = "WebApplicationTestFramework", "TestFramework\WebApplicationTestFramework.csproj", "{89BB89B5-B8F0-4801-8E43-07594498CC85}"
EndProject
Global
	GlobalSection(SolutionConfigurationPlatforms) = preSolution
		Debug|Any CPU = Debug|Any CPU
		Release|Any CPU = Release|Any CPU
	EndGlobalSection
	GlobalSection(ProjectConfigurationPlatforms) = postSolution
		{89BB89B5-B8F0-4801-8E43-07594498CC85}.Debug|Any CPU.ActiveCfg = Debug|Any CPU
		{89BB89B5-B8F0-4801-8E43-07594498CC85}.Debug|Any CPU.Build.0 = Debug|Any CPU
		{89BB89B5-B8F0-4801-8E43-07594498CC85}.Release|Any CPU.ActiveCfg = Release|Any CPU
		{89BB89B5-B8F0-4801-8E43-07594498CC85}.Release|Any CPU.Build.0 = Release|Any CPU
	EndGlobalSection
	GlobalSection(SolutionProperties) = preSolution
		HideSolutionNode = FALSE
	EndGlobalSection
	GlobalSection(ExtensibilityGlobals) = postSolution
		SolutionGuid = {230F2830-0C88-4C3F-B32D-7BEA436E151F}
	EndGlobalSection
EndGlobal
